lockfileVersion: '6.0'

settings:
  autoInstallPeers: true
  excludeLinksFromLockfile: false

devDependencies:
  '@tksst/prettier-config':
    specifier: 1.1.0
    version: 1.1.0(prettier@3.2.5)
  prettier:
    specifier: 3.2.5
    version: 3.2.5

packages:

  /@tksst/prettier-config@1.1.0(prettier@3.2.5):
    resolution: {integrity: sha512-ve/6JJ9qjI7sls47YDUgtEBX1k2vXKhnnp8+zAjQogUhFEFRmFrPrANKB4ad0+dRVQgRjF1BBrNiJJEhYFOsmQ==}
    peerDependencies:
      prettier: '*'
    dependencies:
      prettier: 3.2.5
    dev: true

  /prettier@3.2.5:
    resolution: {integrity: sha512-3/GWa9aOC0YeD7LUfvOG2NiDyhOWRvt1k+rcKhOuYnMY24iiCphgneUfJDyFXd6rZCAnuLBv6UeAULtrhT/F4A==}
    engines: {node: '>=14'}
    hasBin: true
    dev: true
