lockfileVersion: '6.0'

settings:
  autoInstallPeers: true
  excludeLinksFromLockfile: false

devDependencies:
  '@tksst/prettier-config':
    specifier: 1.1.0
    version: 1.1.0(prettier@3.3.3)
  prettier:
    specifier: 3.3.3
    version: 3.3.3

packages:

  /@tksst/prettier-config@1.1.0(prettier@3.3.3):
    resolution: {integrity: sha512-ve/6JJ9qjI7sls47YDUgtEBX1k2vXKhnnp8+zAjQogUhFEFRmFrPrANKB4ad0+dRVQgRjF1BBrNiJJEhYFOsmQ==}
    peerDependencies:
      prettier: '*'
    dependencies:
      prettier: 3.3.3
    dev: true

  /prettier@3.3.3:
    resolution: {integrity: sha512-i2tDNA0O5IrMO757lfrdQZCc2jPNDVntV0m/+4whiDfWaTKfMNgR7Qz0NAeGz/nRqF4m5/6CLzbP4/liHt12Ew==}
    engines: {node: '>=14'}
    hasBin: true
    dev: true
